
Microsoft Visual Studio Solution File, Format Version 12.00
# Visual Studio Version 17
VisualStudioVersion = 17.3.32922.545
MinimumVisualStudioVersion = 10.0.40219.1
Project("{2150E333-8FDC-42A3-9474-1A3956D46DE8}") = "BookingService", "BookingService", "{D35498E5-8C4E-4B90-9B9F-1962AF559C67}"
EndProject
Project("{2150E333-8FDC-42A3-9474-1A3956D46DE8}") = "PaymentService", "PaymentService", "{E6153453-DB03-4BDA-8AF5-8D1E59136010}"
EndProject
Project("{2150E333-8FDC-42A3-9474-1A3956D46DE8}") = "Core", "Core", "{A57843C3-C758-4493-9DF4-145CFD5E9DA0}"
EndProject
Project("{2150E333-8FDC-42A3-9474-1A3956D46DE8}") = "Domain", "Domain", "{FF6BA2B4-0A6B-4293-98D2-5FE0B74C9119}"
EndProject
Project("{2150E333-8FDC-42A3-9474-1A3956D46DE8}") = "Application", "Application", "{E4C3949A-DE70-458E-A26A-5652EE5C5FC3}"
EndProject
Project("{2150E333-8FDC-42A3-9474-1A3956D46DE8}") = "Adapters", "Adapters", "{2936A462-13C6-4C77-B04C-B9CE227AB01F}"
EndProject
Project("{2150E333-8FDC-42A3-9474-1A3956D46DE8}") = "Consumers", "Consumers", "{466D01F0-4912-4C5E-9EA1-1F4369130AA4}"
EndProject
Project("{2150E333-8FDC-42A3-9474-1A3956D46DE8}") = "Tests", "Tests", "{9F55B1CC-0990-4D21-BA29-8AE1B89F4151}"
EndProject
Project("{2150E333-8FDC-42A3-9474-1A3956D46DE8}") = "Domain", "Domain", "{43931C56-6236-4BB1-9645-15BF7EAA000B}"
EndProject
Project("{2150E333-8FDC-42A3-9474-1A3956D46DE8}") = "Application", "Application", "{7A6DD278-923D-42E3-8A34-18E657E52E9C}"
EndProject
Project("{2150E333-8FDC-42A3-9474-1A3956D46DE8}") = "Adapters", "Adapters", "{1EBCE00B-6684-412E-A804-CE3E4D127FCA}"
EndProject
Project("{9A19103F-16F7-4668-BE54-9A1E7A4F7556}") = "AdaptersTests", "BookingService\Tests\Adapters\AdaptersTests\AdaptersTests.csproj", "{263BE337-A2B8-4236-9E39-647B56B79DB2}"
EndProject
Project("{9A19103F-16F7-4668-BE54-9A1E7A4F7556}") = "DomainTests", "BookingService\Tests\Domain\DomainTests\DomainTests.csproj", "{A32A3848-D8BB-4C13-BB6F-9F00C10C1A7E}"
EndProject
Project("{9A19103F-16F7-4668-BE54-9A1E7A4F7556}") = "ApplicationTests", "BookingService\Tests\Application\ApplicationTests\ApplicationTests.csproj", "{613E1B75-863D-415C-8E04-5DAB1F9AF4E9}"
EndProject
Project("{9A19103F-16F7-4668-BE54-9A1E7A4F7556}") = "API", "BookingService\Consumers\API\API.csproj", "{06D58975-6507-4F8D-A4AD-DDD6B3FA49C4}"
EndProject
Project("{9A19103F-16F7-4668-BE54-9A1E7A4F7556}") = "Data", "BookingService\Adapters\Data\Data.csproj", "{4E2818B5-5E37-49C1-8F5C-8F5D0F68543B}"
EndProject
Project("{9A19103F-16F7-4668-BE54-9A1E7A4F7556}") = "Application", "BookingService\Core\Application\Application.csproj", "{E4586FBE-6CF8-46C1-8469-CF34972B13A5}"
EndProject
Project("{9A19103F-16F7-4668-BE54-9A1E7A4F7556}") = "Domain", "BookingService\Core\Domain\Domain\Domain.csproj", "{D397151A-A6CF-4761-813C-949543D0BA19}"
EndProject
Project("{2150E333-8FDC-42A3-9474-1A3956D46DE8}") = "Solution Items", "Solution Items", "{5C309A68-AFFA-4991-AD01-C520F4495CCD}"
EndProject
Project("{2150E333-8FDC-42A3-9474-1A3956D46DE8}") = "Core", "Core", "{8EC34EB9-C728-40E7-BF39-479AB488FCFD}"
EndProject
Project("{2150E333-8FDC-42A3-9474-1A3956D46DE8}") = "Application", "Application", "{5C3A5AF0-379F-4F05-874B-4EEEC3D170C0}"
EndProject
Project("{2150E333-8FDC-42A3-9474-1A3956D46DE8}") = "Domain", "Domain", "{FBA6DF2D-740A-4877-9BA9-36A681F369F6}"
EndProject
Project("{9A19103F-16F7-4668-BE54-9A1E7A4F7556}") = "Payment.Application", "PaymentService\Core\Application\Application\Payment.Application.csproj", "{F5E4FC36-4764-4128-BFEF-826BDFF1094F}"
EndProject
Global
	GlobalSection(SolutionConfigurationPlatforms) = preSolution
		Debug|Any CPU = Debug|Any CPU
		Release|Any CPU = Release|Any CPU
	EndGlobalSection
	GlobalSection(ProjectConfigurationPlatforms) = postSolution
		{263BE337-A2B8-4236-9E39-647B56B79DB2}.Debug|Any CPU.ActiveCfg = Debug|Any CPU
		{263BE337-A2B8-4236-9E39-647B56B79DB2}.Debug|Any CPU.Build.0 = Debug|Any CPU
		{263BE337-A2B8-4236-9E39-647B56B79DB2}.Release|Any CPU.ActiveCfg = Release|Any CPU
		{263BE337-A2B8-4236-9E39-647B56B79DB2}.Release|Any CPU.Build.0 = Release|Any CPU
		{A32A3848-D8BB-4C13-BB6F-9F00C10C1A7E}.Debug|Any CPU.ActiveCfg = Debug|Any CPU
		{A32A3848-D8BB-4C13-BB6F-9F00C10C1A7E}.Debug|Any CPU.Build.0 = Debug|Any CPU
		{A32A3848-D8BB-4C13-BB6F-9F00C10C1A7E}.Release|Any CPU.ActiveCfg = Release|Any CPU
		{A32A3848-D8BB-4C13-BB6F-9F00C10C1A7E}.Release|Any CPU.Build.0 = Release|Any CPU
		{613E1B75-863D-415C-8E04-5DAB1F9AF4E9}.Debug|Any CPU.ActiveCfg = Debug|Any CPU
		{613E1B75-863D-415C-8E04-5DAB1F9AF4E9}.Debug|Any CPU.Build.0 = Debug|Any CPU
		{613E1B75-863D-415C-8E04-5DAB1F9AF4E9}.Release|Any CPU.ActiveCfg = Release|Any CPU
		{613E1B75-863D-415C-8E04-5DAB1F9AF4E9}.Release|Any CPU.Build.0 = Release|Any CPU
		{06D58975-6507-4F8D-A4AD-DDD6B3FA49C4}.Debug|Any CPU.ActiveCfg = Debug|Any CPU
		{06D58975-6507-4F8D-A4AD-DDD6B3FA49C4}.Debug|Any CPU.Build.0 = Debug|Any CPU
		{06D58975-6507-4F8D-A4AD-DDD6B3FA49C4}.Release|Any CPU.ActiveCfg = Release|Any CPU
		{06D58975-6507-4F8D-A4AD-DDD6B3FA49C4}.Release|Any CPU.Build.0 = Release|Any CPU
		{4E2818B5-5E37-49C1-8F5C-8F5D0F68543B}.Debug|Any CPU.ActiveCfg = Debug|Any CPU
		{4E2818B5-5E37-49C1-8F5C-8F5D0F68543B}.Debug|Any CPU.Build.0 = Debug|Any CPU
		{4E2818B5-5E37-49C1-8F5C-8F5D0F68543B}.Release|Any CPU.ActiveCfg = Release|Any CPU
		{4E2818B5-5E37-49C1-8F5C-8F5D0F68543B}.Release|Any CPU.Build.0 = Release|Any CPU
		{E4586FBE-6CF8-46C1-8469-CF34972B13A5}.Debug|Any CPU.ActiveCfg = Debug|Any CPU
		{E4586FBE-6CF8-46C1-8469-CF34972B13A5}.Debug|Any CPU.Build.0 = Debug|Any CPU
		{E4586FBE-6CF8-46C1-8469-CF34972B13A5}.Release|Any CPU.ActiveCfg = Release|Any CPU
		{E4586FBE-6CF8-46C1-8469-CF34972B13A5}.Release|Any CPU.Build.0 = Release|Any CPU
		{D397151A-A6CF-4761-813C-949543D0BA19}.Debug|Any CPU.ActiveCfg = Debug|Any CPU
		{D397151A-A6CF-4761-813C-949543D0BA19}.Debug|Any CPU.Build.0 = Debug|Any CPU
		{D397151A-A6CF-4761-813C-949543D0BA19}.Release|Any CPU.ActiveCfg = Release|Any CPU
		{D397151A-A6CF-4761-813C-949543D0BA19}.Release|Any CPU.Build.0 = Release|Any CPU
		{F5E4FC36-4764-4128-BFEF-826BDFF1094F}.Debug|Any CPU.ActiveCfg = Debug|Any CPU
		{F5E4FC36-4764-4128-BFEF-826BDFF1094F}.Debug|Any CPU.Build.0 = Debug|Any CPU
		{F5E4FC36-4764-4128-BFEF-826BDFF1094F}.Release|Any CPU.ActiveCfg = Release|Any CPU
		{F5E4FC36-4764-4128-BFEF-826BDFF1094F}.Release|Any CPU.Build.0 = Release|Any CPU
	EndGlobalSection
	GlobalSection(SolutionProperties) = preSolution
		HideSolutionNode = FALSE
	EndGlobalSection
	GlobalSection(NestedProjects) = preSolution
		{A57843C3-C758-4493-9DF4-145CFD5E9DA0} = {D35498E5-8C4E-4B90-9B9F-1962AF559C67}
		{FF6BA2B4-0A6B-4293-98D2-5FE0B74C9119} = {A57843C3-C758-4493-9DF4-145CFD5E9DA0}
		{E4C3949A-DE70-458E-A26A-5652EE5C5FC3} = {A57843C3-C758-4493-9DF4-145CFD5E9DA0}
		{2936A462-13C6-4C77-B04C-B9CE227AB01F} = {D35498E5-8C4E-4B90-9B9F-1962AF559C67}
		{466D01F0-4912-4C5E-9EA1-1F4369130AA4} = {D35498E5-8C4E-4B90-9B9F-1962AF559C67}
		{9F55B1CC-0990-4D21-BA29-8AE1B89F4151} = {D35498E5-8C4E-4B90-9B9F-1962AF559C67}
		{43931C56-6236-4BB1-9645-15BF7EAA000B} = {9F55B1CC-0990-4D21-BA29-8AE1B89F4151}
		{7A6DD278-923D-42E3-8A34-18E657E52E9C} = {9F55B1CC-0990-4D21-BA29-8AE1B89F4151}
		{1EBCE00B-6684-412E-A804-CE3E4D127FCA} = {9F55B1CC-0990-4D21-BA29-8AE1B89F4151}
		{263BE337-A2B8-4236-9E39-647B56B79DB2} = {1EBCE00B-6684-412E-A804-CE3E4D127FCA}
		{A32A3848-D8BB-4C13-BB6F-9F00C10C1A7E} = {43931C56-6236-4BB1-9645-15BF7EAA000B}
		{613E1B75-863D-415C-8E04-5DAB1F9AF4E9} = {7A6DD278-923D-42E3-8A34-18E657E52E9C}
		{06D58975-6507-4F8D-A4AD-DDD6B3FA49C4} = {466D01F0-4912-4C5E-9EA1-1F4369130AA4}
		{4E2818B5-5E37-49C1-8F5C-8F5D0F68543B} = {2936A462-13C6-4C77-B04C-B9CE227AB01F}
		{E4586FBE-6CF8-46C1-8469-CF34972B13A5} = {E4C3949A-DE70-458E-A26A-5652EE5C5FC3}
		{D397151A-A6CF-4761-813C-949543D0BA19} = {FF6BA2B4-0A6B-4293-98D2-5FE0B74C9119}
		{8EC34EB9-C728-40E7-BF39-479AB488FCFD} = {E6153453-DB03-4BDA-8AF5-8D1E59136010}
		{5C3A5AF0-379F-4F05-874B-4EEEC3D170C0} = {8EC34EB9-C728-40E7-BF39-479AB488FCFD}
		{FBA6DF2D-740A-4877-9BA9-36A681F369F6} = {8EC34EB9-C728-40E7-BF39-479AB488FCFD}
		{F5E4FC36-4764-4128-BFEF-826BDFF1094F} = {5C3A5AF0-379F-4F05-874B-4EEEC3D170C0}
	EndGlobalSection
	GlobalSection(ExtensibilityGlobals) = postSolution
		SolutionGuid = {C97C63CE-04AB-4F4F-8C41-9D9BBC9B29A7}
	EndGlobalSection
EndGlobal
